uuid: e15ec7fb-688f-4a49-acf6-8a287b3e04f7
langcode: en
status: true
dependencies:
  content:
    - 'block_content:basic:05161f96-7dd0-4d7a-9e8e-32e5b1598966'
  module:
    - block_content
  theme:
    - usecaselabs_1
id: usecaselabs_1_bannerblock
theme: usecaselabs_1
region: hero
weight: -8
provider: null
plugin: 'block_content:05161f96-7dd0-4d7a-9e8e-32e5b1598966'
settings:
  id: 'block_content:05161f96-7dd0-4d7a-9e8e-32e5b1598966'
  label: 'Banner Block'
  label_display: '0'
  provider: block_content
  status: true
  info: ''
  view_mode: full
visibility: {  }
